
Microsoft Visual Studio Solution File, Format Version 11.00
# Visual Studio 2010
# SharpDevelop 5.1
Project("{FAE04EC0-301F-11D3-BF4B-00C04F79EFBC}") = "Niflib", "Niflib.csproj", "{EC36A004-E138-4E6A-BC73-021353BAED5A}"
EndProject
Global
	GlobalSection(SolutionConfigurationPlatforms) = preSolution
		Debug|Any CPU = Debug|Any CPU
		Debug|x64 = Debug|x64
		OpenTK|Any CPU = OpenTK|Any CPU
		OpenTK|x64 = OpenTK|x64
		SharpDX|Any CPU = SharpDX|Any CPU
		SharpDX|x64 = SharpDX|x64
		MonoGame|Any CPU = MonoGame|Any CPU
		MonoGame|x64 = MonoGame|x64
	EndGlobalSection
	GlobalSection(ProjectConfigurationPlatforms) = postSolution
		{EC36A004-E138-4E6A-BC73-021353BAED5A}.Debug|Any CPU.ActiveCfg = Debug|Any CPU
		{EC36A004-E138-4E6A-BC73-021353BAED5A}.Debug|Any CPU.Build.0 = Debug|Any CPU
		{EC36A004-E138-4E6A-BC73-021353BAED5A}.Debug|x64.ActiveCfg = Debug|x64
		{EC36A004-E138-4E6A-BC73-021353BAED5A}.Debug|x64.Build.0 = Debug|x64
		{EC36A004-E138-4E6A-BC73-021353BAED5A}.OpenTK|Any CPU.ActiveCfg = OpenTK|Any CPU
		{EC36A004-E138-4E6A-BC73-021353BAED5A}.OpenTK|Any CPU.Build.0 = OpenTK|Any CPU
		{EC36A004-E138-4E6A-BC73-021353BAED5A}.OpenTK|x64.ActiveCfg = OpenTK|x64
		{EC36A004-E138-4E6A-BC73-021353BAED5A}.OpenTK|x64.Build.0 = OpenTK|x64
		{EC36A004-E138-4E6A-BC73-021353BAED5A}.SharpDX|Any CPU.ActiveCfg = SharpDX|Any CPU
		{EC36A004-E138-4E6A-BC73-021353BAED5A}.SharpDX|Any CPU.Build.0 = SharpDX|Any CPU
		{EC36A004-E138-4E6A-BC73-021353BAED5A}.SharpDX|x64.ActiveCfg = SharpDX|x64
		{EC36A004-E138-4E6A-BC73-021353BAED5A}.SharpDX|x64.Build.0 = SharpDX|x64
		{EC36A004-E138-4E6A-BC73-021353BAED5A}.MonoGame|Any CPU.ActiveCfg = MonoGame|Any CPU
		{EC36A004-E138-4E6A-BC73-021353BAED5A}.MonoGame|Any CPU.Build.0 = MonoGame|Any CPU
		{EC36A004-E138-4E6A-BC73-021353BAED5A}.MonoGame|x64.ActiveCfg = MonoGame|x64
		{EC36A004-E138-4E6A-BC73-021353BAED5A}.MonoGame|x64.Build.0 = MonoGame|x64
	EndGlobalSection
EndGlobal
